
Microsoft Visual Studio Solution File, Format Version 12.00
# Visual Studio 15
VisualStudioVersion = 15.0.27004.2002
MinimumVisualStudioVersion = 10.0.40219.1
Project("{FAE04EC0-301F-11D3-BF4B-00C04F79EFBC}") = "FaceTAN.Core", "FaceTAN.Core\FaceTAN.Core.csproj", "{CCCD077D-FA8A-4316-B9C6-A150B3D1B03E}"
EndProject
Project("{FAE04EC0-301F-11D3-BF4B-00C04F79EFBC}") = "FaceTAN.UI", "FaceTAN.UI\FaceTAN.UI.csproj", "{0F6639A7-4426-4585-8476-941B7F4508D6}"
EndProject
Global
	GlobalSection(SolutionConfigurationPlatforms) = preSolution
		Debug|Any CPU = Debug|Any CPU
		Debug|x86 = Debug|x86
		Release|Any CPU = Release|Any CPU
		Release|x86 = Release|x86
	EndGlobalSection
	GlobalSection(ProjectConfigurationPlatforms) = postSolution
		{CCCD077D-FA8A-4316-B9C6-A150B3D1B03E}.Debug|Any CPU.ActiveCfg = Debug|Any CPU
		{CCCD077D-FA8A-4316-B9C6-A150B3D1B03E}.Debug|Any CPU.Build.0 = Debug|Any CPU
		{CCCD077D-FA8A-4316-B9C6-A150B3D1B03E}.Debug|x86.ActiveCfg = Debug|Any CPU
		{CCCD077D-FA8A-4316-B9C6-A150B3D1B03E}.Debug|x86.Build.0 = Debug|Any CPU
		{CCCD077D-FA8A-4316-B9C6-A150B3D1B03E}.Release|Any CPU.ActiveCfg = Release|Any CPU
		{CCCD077D-FA8A-4316-B9C6-A150B3D1B03E}.Release|Any CPU.Build.0 = Release|Any CPU
		{CCCD077D-FA8A-4316-B9C6-A150B3D1B03E}.Release|x86.ActiveCfg = Release|Any CPU
		{CCCD077D-FA8A-4316-B9C6-A150B3D1B03E}.Release|x86.Build.0 = Release|Any CPU
		{0F6639A7-4426-4585-8476-941B7F4508D6}.Debug|Any CPU.ActiveCfg = Debug|x86
		{0F6639A7-4426-4585-8476-941B7F4508D6}.Debug|Any CPU.Build.0 = Debug|x86
		{0F6639A7-4426-4585-8476-941B7F4508D6}.Debug|x86.ActiveCfg = Debug|x86
		{0F6639A7-4426-4585-8476-941B7F4508D6}.Debug|x86.Build.0 = Debug|x86
		{0F6639A7-4426-4585-8476-941B7F4508D6}.Release|Any CPU.ActiveCfg = Debug|x86
		{0F6639A7-4426-4585-8476-941B7F4508D6}.Release|Any CPU.Build.0 = Debug|x86
		{0F6639A7-4426-4585-8476-941B7F4508D6}.Release|x86.ActiveCfg = Debug|x86
		{0F6639A7-4426-4585-8476-941B7F4508D6}.Release|x86.Build.0 = Debug|x86
	EndGlobalSection
	GlobalSection(SolutionProperties) = preSolution
		HideSolutionNode = FALSE
	EndGlobalSection
	GlobalSection(ExtensibilityGlobals) = postSolution
		SolutionGuid = {2A810990-462B-45C5-BFC2-CD00A482F7D9}
	EndGlobalSection
EndGlobal
